
Microsoft Visual Studio Solution File, Format Version 12.00
# Visual Studio Version 16
VisualStudioVersion = 16.0.30717.126
MinimumVisualStudioVersion = 10.0.40219.1
Project("{FAE04EC0-301F-11D3-BF4B-00C04F79EFBC}") = "webAPIEstudo", "webAPIEstudo\webAPIEstudo.csproj", "{B61FCFA2-A994-463D-87B3-4BD8CB8C7F06}"
EndProject
Global
	GlobalSection(SolutionConfigurationPlatforms) = preSolution
		Debug|Any CPU = Debug|Any CPU
		Release|Any CPU = Release|Any CPU
	EndGlobalSection
	GlobalSection(ProjectConfigurationPlatforms) = postSolution
		{B61FCFA2-A994-463D-87B3-4BD8CB8C7F06}.Debug|Any CPU.ActiveCfg = Debug|Any CPU
		{B61FCFA2-A994-463D-87B3-4BD8CB8C7F06}.Debug|Any CPU.Build.0 = Debug|Any CPU
		{B61FCFA2-A994-463D-87B3-4BD8CB8C7F06}.Release|Any CPU.ActiveCfg = Release|Any CPU
		{B61FCFA2-A994-463D-87B3-4BD8CB8C7F06}.Release|Any CPU.Build.0 = Release|Any CPU
	EndGlobalSection
	GlobalSection(SolutionProperties) = preSolution
		HideSolutionNode = FALSE
	EndGlobalSection
	GlobalSection(ExtensibilityGlobals) = postSolution
		SolutionGuid = {4E80FDEC-C015-4E6E-9DFB-DEC6A0285A71}
	EndGlobalSection
EndGlobal
